// !$*UTF8*$!
{
	archiveVersion = 1;
	classes = {
	};
	objectVersion = 50;
	objects = {

/* Begin PBXBuildFile section */
		07346660236B0B6700A4265C /* AppDelegate.swift in Sources */ = {isa = PBXBuildFile; fileRef = 0734665F236B0B6700A4265C /* AppDelegate.swift */; };
		07346662236B0B6700A4265C /* ViewController.swift in Sources */ = {isa = PBXBuildFile; fileRef = 07346661236B0B6700A4265C /* ViewController.swift */; };
		07346667236B0B6900A4265C /* Assets.xcassets in Resources */ = {isa = PBXBuildFile; fileRef = 07346666236B0B6900A4265C /* Assets.xcassets */; };
		0734666A236B0B6900A4265C /* LaunchScreen.storyboard in Resources */ = {isa = PBXBuildFile; fileRef = 07346668236B0B6900A4265C /* LaunchScreen.storyboard */; };
		07346672236B173200A4265C /* Presenter.swift in Sources */ = {isa = PBXBuildFile; fileRef = 07346671236B173200A4265C /* Presenter.swift */; };
		07346674236B175100A4265C /* Interactor.swift in Sources */ = {isa = PBXBuildFile; fileRef = 07346673236B175100A4265C /* Interactor.swift */; };
		07346678236B2CF100A4265C /* Protocols.swift in Sources */ = {isa = PBXBuildFile; fileRef = 07346677236B2CF100A4265C /* Protocols.swift */; };
		073466CA236D8F6600A4265C /* Mail.png in Resources */ = {isa = PBXBuildFile; fileRef = 073466C9236D8F6600A4265C /* Mail.png */; };
/* End PBXBuildFile section */

/* Begin PBXFileReference section */
		0734665C236B0B6700A4265C /* Task 7.app */ = {isa = PBXFileReference; explicitFileType = wrapper.application; includeInIndex = 0; path = "Task 7.app"; sourceTree = BUILT_PRODUCTS_DIR; };
		0734665F236B0B6700A4265C /* AppDelegate.swift */ = {isa = PBXFileReference; lastKnownFileType = sourcecode.swift; path = AppDelegate.swift; sourceTree = "<group>"; };
		07346661236B0B6700A4265C /* ViewController.swift */ = {isa = PBXFileReference; lastKnownFileType = sourcecode.swift; path = ViewController.swift; sourceTree = "<group>"; };
		07346666236B0B6900A4265C /* Assets.xcassets */ = {isa = PBXFileReference; lastKnownFileType = folder.assetcatalog; path = Assets.xcassets; sourceTree = "<group>"; };
		07346669236B0B6900A4265C /* Base */ = {isa = PBXFileReference; lastKnownFileType = file.storyboard; name = Base; path = Base.lproj/LaunchScreen.storyboard; sourceTree = "<group>"; };
		0734666B236B0B6900A4265C /* Info.plist */ = {isa = PBXFileReference; lastKnownFileType = text.plist.xml; path = Info.plist; sourceTree = "<group>"; };
		07346671236B173200A4265C /* Presenter.swift */ = {isa = PBXFileReference; lastKnownFileType = sourcecode.swift; path = Presenter.swift; sourceTree = "<group>"; };
		07346673236B175100A4265C /* Interactor.swift */ = {isa = PBXFileReference; lastKnownFileType = sourcecode.swift; path = Interactor.swift; sourceTree = "<group>"; };
		07346677236B2CF100A4265C /* Protocols.swift */ = {isa = PBXFileReference; lastKnownFileType = sourcecode.swift; path = Protocols.swift; sourceTree = "<group>"; };
		073466C9236D8F6600A4265C /* Mail.png */ = {isa = PBXFileReference; lastKnownFileType = image.png; name = Mail.png; path = ../../../../../Downloads/Mail.png; sourceTree = "<group>"; };
/* End PBXFileReference section */

/* Begin PBXFrameworksBuildPhase section */
		07346659236B0B6700A4265C /* Frameworks */ = {
			isa = PBXFrameworksBuildPhase;
			buildActionMask = 2147483647;
			files = (
			);
			runOnlyForDeploymentPostprocessing = 0;
		};
/* End PBXFrameworksBuildPhase section */

/* Begin PBXGroup section */
		07346653236B0B6700A4265C = {
			isa = PBXGroup;
			children = (
				0734665E236B0B6700A4265C /* Task 7 */,
				0734665D236B0B6700A4265C /* Products */,
			);
			sourceTree = "<group>";
		};
		0734665D236B0B6700A4265C /* Products */ = {
			isa = PBXGroup;
			children = (
				0734665C236B0B6700A4265C /* Task 7.app */,
			);
			name = Products;
			sourceTree = "<group>";
		};
		0734665E236B0B6700A4265C /* Task 7 */ = {
			isa = PBXGroup;
			children = (
				0734665F236B0B6700A4265C /* AppDelegate.swift */,
				07346666236B0B6900A4265C /* Assets.xcassets */,
				07346668236B0B6900A4265C /* LaunchScreen.storyboard */,
				0734666B236B0B6900A4265C /* Info.plist */,
				07346661236B0B6700A4265C /* ViewController.swift */,
				07346671236B173200A4265C /* Presenter.swift */,
				07346673236B175100A4265C /* Interactor.swift */,
				073466C9236D8F6600A4265C /* Mail.png */,
				07346677236B2CF100A4265C /* Protocols.swift */,
			);
			path = "Task 7";
			sourceTree = "<group>";
		};
/* End PBXGroup section */

/* Begin PBXNativeTarget section */
		0734665B236B0B6700A4265C /* Task 7 */ = {
			isa = PBXNativeTarget;
			buildConfigurationList = 0734666E236B0B6900A4265C /* Build configuration list for PBXNativeTarget "Task 7" */;
			buildPhases = (
				07346658236B0B6700A4265C /* Sources */,
				07346659236B0B6700A4265C /* Frameworks */,
				0734665A236B0B6700A4265C /* Resources */,
			);
			buildRules = (
			);
			dependencies = (
			);
			name = "Task 7";
			productName = "Task 7";
			productReference = 0734665C236B0B6700A4265C /* Task 7.app */;
			productType = "com.apple.product-type.application";
		};
/* End PBXNativeTarget section */

/* Begin PBXProject section */
		07346654236B0B6700A4265C /* Project object */ = {
			isa = PBXProject;
			attributes = {
				LastSwiftUpdateCheck = 1030;
				LastUpgradeCheck = 1030;
				ORGANIZATIONNAME = "Лада";
				TargetAttributes = {
					0734665B236B0B6700A4265C = {
						CreatedOnToolsVersion = 10.3;
					};
				};
			};
			buildConfigurationList = 07346657236B0B6700A4265C /* Build configuration list for PBXProject "Task 7" */;
			compatibilityVersion = "Xcode 9.3";
			developmentRegion = en;
			hasScannedForEncodings = 0;
			knownRegions = (
				en,
				Base,
			);
			mainGroup = 07346653236B0B6700A4265C;
			productRefGroup = 0734665D236B0B6700A4265C /* Products */;
			projectDirPath = "";
			projectRoot = "";
			targets = (
				0734665B236B0B6700A4265C /* Task 7 */,
			);
		};
/* End PBXProject section */

/* Begin PBXResourcesBuildPhase section */
		0734665A236B0B6700A4265C /* Resources */ = {
			isa = PBXResourcesBuildPhase;
			buildActionMask = 2147483647;
			files = (
				073466CA236D8F6600A4265C /* Mail.png in Resources */,
				0734666A236B0B6900A4265C /* LaunchScreen.storyboard in Resources */,
				07346667236B0B6900A4265C /* Assets.xcassets in Resources */,
			);
			runOnlyForDeploymentPostprocessing = 0;
		};
/* End PBXResourcesBuildPhase section */

/* Begin PBXSourcesBuildPhase section */
		07346658236B0B6700A4265C /* Sources */ = {
			isa = PBXSourcesBuildPhase;
			buildActionMask = 2147483647;
			files = (
				07346672236B173200A4265C /* Presenter.swift in Sources */,
				07346662236B0B6700A4265C /* ViewController.swift in Sources */,
				07346678236B2CF100A4265C /* Protocols.swift in Sources */,
				07346674236B175100A4265C /* Interactor.swift in Sources */,
				07346660236B0B6700A4265C /* AppDelegate.swift in Sources */,
			);
			runOnlyForDeploymentPostprocessing = 0;
		};
/* End PBXSourcesBuildPhase section */

/* Begin PBXVariantGroup section */
		07346668236B0B6900A4265C /* LaunchScreen.storyboard */ = {
			isa = PBXVariantGroup;
			children = (
				07346669236B0B6900A4265C /* Base */,
			);
			name = LaunchScreen.storyboard;
			sourceTree = "<group>";
		};
/* End PBXVariantGroup section */

/* Begin XCBuildConfiguration section */
		0734666C236B0B6900A4265C /* Debug */ = {
			isa = XCBuildConfiguration;
			buildSettings = {
				ALWAYS_SEARCH_USER_PATHS = NO;
				CLANG_ANALYZER_NONNULL = YES;
				CLANG_ANALYZER_NUMBER_OBJECT_CONVERSION = YES_AGGRESSIVE;
				CLANG_CXX_LANGUAGE_STANDARD = "gnu++14";
				CLANG_CXX_LIBRARY = "libc++";
				CLANG_ENABLE_MODULES = YES;
				CLANG_ENABLE_OBJC_ARC = YES;
				CLANG_ENABLE_OBJC_WEAK = YES;
				CLANG_WARN_BLOCK_CAPTURE_AUTORELEASING = YES;
				CLANG_WARN_BOOL_CONVERSION = YES;
				CLANG_WARN_COMMA = YES;
				CLANG_WARN_CONSTANT_CONVERSION = YES;
				CLANG_WARN_DEPRECATED_OBJC_IMPLEMENTATIONS = YES;
				CLANG_WARN_DIRECT_OBJC_ISA_USAGE = YES_ERROR;
				CLANG_WARN_DOCUMENTATION_COMMENTS = YES;
				CLANG_WARN_EMPTY_BODY = YES;
				CLANG_WARN_ENUM_CONVERSION = YES;
				CLANG_WARN_INFINITE_RECURSION = YES;
				CLANG_WARN_INT_CONVERSION = YES;
				CLANG_WARN_NON_LITERAL_NULL_CONVERSION = YES;
				CLANG_WARN_OBJC_IMPLICIT_RETAIN_SELF = YES;
				CLANG_WARN_OBJC_LITERAL_CONVERSION = YES;
				CLANG_WARN_OBJC_ROOT_CLASS = YES_ERROR;
				CLANG_WARN_RANGE_LOOP_ANALYSIS = YES;
				CLANG_WARN_STRICT_PROTOTYPES = YES;
				CLANG_WARN_SUSPICIOUS_MOVE = YES;
				CLANG_WARN_UNGUARDED_AVAILABILITY = YES_AGGRESSIVE;
				CLANG_WARN_UNREACHABLE_CODE = YES;
				CLANG_WARN__DUPLICATE_METHOD_MATCH = YES;
				CODE_SIGN_IDENTITY = "iPhone Developer";
				COPY_PHASE_STRIP = NO;
				DEBUG_INFORMATION_FORMAT = dwarf;
				ENABLE_STRICT_OBJC_MSGSEND = YES;
				ENABLE_TESTABILITY = YES;
				GCC_C_LANGUAGE_STANDARD = gnu11;
				GCC_DYNAMIC_NO_PIC = NO;
				GCC_NO_COMMON_BLOCKS = YES;
				GCC_OPTIMIZATION_LEVEL = 0;
				GCC_PREPROCESSOR_DEFINITIONS = (
					"DEBUG=1",
					"$(inherited)",
				);
				GCC_WARN_64_TO_32_BIT_CONVERSION = YES;
				GCC_WARN_ABOUT_RETURN_TYPE = YES_ERROR;
				GCC_WARN_UNDECLARED_SELECTOR = YES;
				GCC_WARN_UNINITIALIZED_AUTOS = YES_AGGRESSIVE;
				GCC_WARN_UNUSED_FUNCTION = YES;
				GCC_WARN_UNUSED_VARIABLE = YES;
				IPHONEOS_DEPLOYMENT_TARGET = 12.4;
				MTL_ENABLE_DEBUG_INFO = INCLUDE_SOURCE;
				MTL_FAST_MATH = YES;
				ONLY_ACTIVE_ARCH = YES;
				SDKROOT = iphoneos;
				SWIFT_ACTIVE_COMPILATION_CONDITIONS = DEBUG;
				SWIFT_OPTIMIZATION_LEVEL = "-Onone";
			};
			name = Debug;
		};
		0734666D236B0B6900A4265C /* Release */ = {
			isa = XCBuildConfiguration;
			buildSettings = {
				ALWAYS_SEARCH_USER_PATHS = NO;
				CLANG_ANALYZER_NONNULL = YES;
				CLANG_ANALYZER_NUMBER_OBJECT_CONVERSION = YES_AGGRESSIVE;
				CLANG_CXX_LANGUAGE_STANDARD = "gnu++14";
				CLANG_CXX_LIBRARY = "libc++";
				CLANG_ENABLE_MODULES = YES;
				CLANG_ENABLE_OBJC_ARC = YES;
				CLANG_ENABLE_OBJC_WEAK = YES;
				CLANG_WARN_BLOCK_CAPTURE_AUTORELEASING = YES;
				CLANG_WARN_BOOL_CONVERSION = YES;
				CLANG_WARN_COMMA = YES;
				CLANG_WARN_CONSTANT_CONVERSION = YES;
				CLANG_WARN_DEPRECATED_OBJC_IMPLEMENTATIONS = YES;
				CLANG_WARN_DIRECT_OBJC_ISA_USAGE = YES_ERROR;
				CLANG_WARN_DOCUMENTATION_COMMENTS = YES;
				CLANG_WARN_EMPTY_BODY = YES;
				CLANG_WARN_ENUM_CONVERSION = YES;
				CLANG_WARN_INFINITE_RECURSION = YES;
				CLANG_WARN_INT_CONVERSION = YES;
				CLANG_WARN_NON_LITERAL_NULL_CONVERSION = YES;
				CLANG_WARN_OBJC_IMPLICIT_RETAIN_SELF = YES;
				CLANG_WARN_OBJC_LITERAL_CONVERSION = YES;
				CLANG_WARN_OBJC_ROOT_CLASS = YES_ERROR;
				CLANG_WARN_RANGE_LOOP_ANALYSIS = YES;
				CLANG_WARN_STRICT_PROTOTYPES = YES;
				CLANG_WARN_SUSPICIOUS_MOVE = YES;
				CLANG_WARN_UNGUARDED_AVAILABILITY = YES_AGGRESSIVE;
				CLANG_WARN_UNREACHABLE_CODE = YES;
				CLANG_WARN__DUPLICATE_METHOD_MATCH = YES;
				CODE_SIGN_IDENTITY = "iPhone Developer";
				COPY_PHASE_STRIP = NO;
				DEBUG_INFORMATION_FORMAT = "dwarf-with-dsym";
				ENABLE_NS_ASSERTIONS = NO;
				ENABLE_STRICT_OBJC_MSGSEND = YES;
				GCC_C_LANGUAGE_STANDARD = gnu11;
				GCC_NO_COMMON_BLOCKS = YES;
				GCC_WARN_64_TO_32_BIT_CONVERSION = YES;
				GCC_WARN_ABOUT_RETURN_TYPE = YES_ERROR;
				GCC_WARN_UNDECLARED_SELECTOR = YES;
				GCC_WARN_UNINITIALIZED_AUTOS = YES_AGGRESSIVE;
				GCC_WARN_UNUSED_FUNCTION = YES;
				GCC_WARN_UNUSED_VARIABLE = YES;
				IPHONEOS_DEPLOYMENT_TARGET = 12.4;
				MTL_ENABLE_DEBUG_INFO = NO;
				MTL_FAST_MATH = YES;
				SDKROOT = iphoneos;
				SWIFT_COMPILATION_MODE = wholemodule;
				SWIFT_OPTIMIZATION_LEVEL = "-O";
				VALIDATE_PRODUCT = YES;
			};
			name = Release;
		};
		0734666F236B0B6900A4265C /* Debug */ = {
			isa = XCBuildConfiguration;
			buildSettings = {
				ASSETCATALOG_COMPILER_APPICON_NAME = AppIcon;
				CODE_SIGN_STYLE = Automatic;
				DEVELOPMENT_TEAM = 6PXRX3FS7N;
				INFOPLIST_FILE = "Task 7/Info.plist";
				LD_RUNPATH_SEARCH_PATHS = (
					"$(inherited)",
					"@executable_path/Frameworks",
				);
				PRODUCT_BUNDLE_IDENTIFIER = "School.Task-7";
				PRODUCT_NAME = "$(TARGET_NAME)";
				SWIFT_VERSION = 5.0;
				TARGETED_DEVICE_FAMILY = "1,2";
			};
			name = Debug;
		};
		07346670236B0B6900A4265C /* Release */ = {
			isa = XCBuildConfiguration;
			buildSettings = {
				ASSETCATALOG_COMPILER_APPICON_NAME = AppIcon;
				CODE_SIGN_STYLE = Automatic;
				DEVELOPMENT_TEAM = 6PXRX3FS7N;
				INFOPLIST_FILE = "Task 7/Info.plist";
				LD_RUNPATH_SEARCH_PATHS = (
					"$(inherited)",
					"@executable_path/Frameworks",
				);
				PRODUCT_BUNDLE_IDENTIFIER = "School.Task-7";
				PRODUCT_NAME = "$(TARGET_NAME)";
				SWIFT_VERSION = 5.0;
				TARGETED_DEVICE_FAMILY = "1,2";
			};
			name = Release;
		};
/* End XCBuildConfiguration section */

/* Begin XCConfigurationList section */
		07346657236B0B6700A4265C /* Build configuration list for PBXProject "Task 7" */ = {
			isa = XCConfigurationList;
			buildConfigurations = (
				0734666C236B0B6900A4265C /* Debug */,
				0734666D236B0B6900A4265C /* Release */,
			);
			defaultConfigurationIsVisible = 0;
			defaultConfigurationName = Release;
		};
		0734666E236B0B6900A4265C /* Build configuration list for PBXNativeTarget "Task 7" */ = {
			isa = XCConfigurationList;
			buildConfigurations = (
				0734666F236B0B6900A4265C /* Debug */,
				07346670236B0B6900A4265C /* Release */,
			);
			defaultConfigurationIsVisible = 0;
			defaultConfigurationName = Release;
		};
/* End XCConfigurationList section */
	};
	rootObject = 07346654236B0B6700A4265C /* Project object */;
}
